
Microsoft Visual Studio Solution File, Format Version 12.00
# Visual Studio 15
VisualStudioVersion = 15.0.26430.16
MinimumVisualStudioVersion = 10.0.40219.1
Project("{FAE04EC0-301F-11D3-BF4B-00C04F79EFBC}") = "ws.web.eng", "ws.web.eng\ws.web.eng.csproj", "{6323D0E9-A9F2-4348-83E3-F744F573EEAD}"
EndProject
Project("{FAE04EC0-301F-11D3-BF4B-00C04F79EFBC}") = "ws.eng.dll", "ws.eng.dll\ws.eng.dll.csproj", "{DC90297C-ABC0-407A-AB3C-25E914B9AD54}"
EndProject
Project("{FAE04EC0-301F-11D3-BF4B-00C04F79EFBC}") = "ws.eng.dao", "ws.eng.dao\ws.eng.dao.csproj", "{FF81147E-C5AB-4FB6-BFE3-8C6B9CA99C31}"
EndProject
Project("{FAE04EC0-301F-11D3-BF4B-00C04F79EFBC}") = "ws.eng.obj", "ws.eng.obj\ws.eng.obj.csproj", "{19342F3B-FBB5-496E-8BB3-3585A574C99B}"
EndProject
Project("{FAE04EC0-301F-11D3-BF4B-00C04F79EFBC}") = "ws.com.v2017", "..\ws.com.V2017\ws.com.v2017\ws.com.v2017.csproj", "{605B374A-A7DD-43BF-BED1-B0D53E6FDB07}"
EndProject
Global
	GlobalSection(SolutionConfigurationPlatforms) = preSolution
		Debug|Any CPU = Debug|Any CPU
		Release|Any CPU = Release|Any CPU
	EndGlobalSection
	GlobalSection(ProjectConfigurationPlatforms) = postSolution
		{6323D0E9-A9F2-4348-83E3-F744F573EEAD}.Debug|Any CPU.ActiveCfg = Debug|Any CPU
		{6323D0E9-A9F2-4348-83E3-F744F573EEAD}.Debug|Any CPU.Build.0 = Debug|Any CPU
		{6323D0E9-A9F2-4348-83E3-F744F573EEAD}.Release|Any CPU.ActiveCfg = Release|Any CPU
		{6323D0E9-A9F2-4348-83E3-F744F573EEAD}.Release|Any CPU.Build.0 = Release|Any CPU
		{DC90297C-ABC0-407A-AB3C-25E914B9AD54}.Debug|Any CPU.ActiveCfg = Debug|Any CPU
		{DC90297C-ABC0-407A-AB3C-25E914B9AD54}.Debug|Any CPU.Build.0 = Debug|Any CPU
		{DC90297C-ABC0-407A-AB3C-25E914B9AD54}.Release|Any CPU.ActiveCfg = Release|Any CPU
		{DC90297C-ABC0-407A-AB3C-25E914B9AD54}.Release|Any CPU.Build.0 = Release|Any CPU
		{FF81147E-C5AB-4FB6-BFE3-8C6B9CA99C31}.Debug|Any CPU.ActiveCfg = Debug|Any CPU
		{FF81147E-C5AB-4FB6-BFE3-8C6B9CA99C31}.Debug|Any CPU.Build.0 = Debug|Any CPU
		{FF81147E-C5AB-4FB6-BFE3-8C6B9CA99C31}.Release|Any CPU.ActiveCfg = Release|Any CPU
		{FF81147E-C5AB-4FB6-BFE3-8C6B9CA99C31}.Release|Any CPU.Build.0 = Release|Any CPU
		{19342F3B-FBB5-496E-8BB3-3585A574C99B}.Debug|Any CPU.ActiveCfg = Debug|Any CPU
		{19342F3B-FBB5-496E-8BB3-3585A574C99B}.Debug|Any CPU.Build.0 = Debug|Any CPU
		{19342F3B-FBB5-496E-8BB3-3585A574C99B}.Release|Any CPU.ActiveCfg = Release|Any CPU
		{19342F3B-FBB5-496E-8BB3-3585A574C99B}.Release|Any CPU.Build.0 = Release|Any CPU
		{605B374A-A7DD-43BF-BED1-B0D53E6FDB07}.Debug|Any CPU.ActiveCfg = Debug|Any CPU
		{605B374A-A7DD-43BF-BED1-B0D53E6FDB07}.Debug|Any CPU.Build.0 = Debug|Any CPU
		{605B374A-A7DD-43BF-BED1-B0D53E6FDB07}.Release|Any CPU.ActiveCfg = Release|Any CPU
		{605B374A-A7DD-43BF-BED1-B0D53E6FDB07}.Release|Any CPU.Build.0 = Release|Any CPU
	EndGlobalSection
	GlobalSection(SolutionProperties) = preSolution
		HideSolutionNode = FALSE
	EndGlobalSection
EndGlobal
